
Microsoft Visual Studio Solution File, Format Version 12.00
# Visual Studio Version 17
VisualStudioVersion = 17.7.34221.43
MinimumVisualStudioVersion = 10.0.40219.1
Project("{FAE04EC0-301F-11D3-BF4B-00C04F79EFBC}") = "text-compression-tool", "text-compression-tool\text-compression-tool.csproj", "{666CFF60-AC8F-4657-B1D4-4A0772837F2E}"
EndProject
Global
	GlobalSection(SolutionConfigurationPlatforms) = preSolution
		Debug|Any CPU = Debug|Any CPU
		Release|Any CPU = Release|Any CPU
	EndGlobalSection
	GlobalSection(ProjectConfigurationPlatforms) = postSolution
		{666CFF60-AC8F-4657-B1D4-4A0772837F2E}.Debug|Any CPU.ActiveCfg = Debug|Any CPU
		{666CFF60-AC8F-4657-B1D4-4A0772837F2E}.Debug|Any CPU.Build.0 = Debug|Any CPU
		{666CFF60-AC8F-4657-B1D4-4A0772837F2E}.Release|Any CPU.ActiveCfg = Release|Any CPU
		{666CFF60-AC8F-4657-B1D4-4A0772837F2E}.Release|Any CPU.Build.0 = Release|Any CPU
	EndGlobalSection
	GlobalSection(SolutionProperties) = preSolution
		HideSolutionNode = FALSE
	EndGlobalSection
	GlobalSection(ExtensibilityGlobals) = postSolution
		SolutionGuid = {DC7B72E2-DECE-42B3-B24C-E0E89C815D84}
	EndGlobalSection
EndGlobal
